# This file is autogenerated, do not edit; changes may be undone by the next 'dep ensure'.


[[projects]]
  digest = "1:aa855bda8630186a6a2f33ac0142fd8c1644622af2e164bc3d8bbb69978b6467"
  name = "github.com/Jeffail/tunny"
  packages = ["."]
  pruneopts = "UT"
  revision = "4921fff29480bad359ad2fb3271fb461c8ffe1fc"
  version = "0.1.2"

[[projects]]
  digest = "1:63586c59c82d8dcfc402e55fcf316813102551bcd84b564ee0a851cdeab5ad11"
  name = "github.com/c-bata/go-prompt"
  packages = ["."]
  pruneopts = "UT"
  revision = "4b35da6de174f52d037dc6e9008772ef31990ed3"
  version = "v0.2.3"

[[projects]]
  digest = "1:97df918963298c287643883209a2c3f642e6593379f97ab400c2a2e219ab647d"
  name = "github.com/golang/protobuf"
  packages = ["proto"]
  pruneopts = "UT"
  revision = "aa810b61a9c79d51363740d207bb46cf8e620ed5"
  version = "v1.2.0"

[[projects]]
  digest = "1:c658e84ad3916da105a761660dcaeb01e63416c8ec7bc62256a9b411a05fcd67"
  name = "github.com/mattn/go-colorable"
  packages = ["."]
  pruneopts = "UT"
  revision = "167de6bfdfba052fa6b2d3664c8f5272e23c9072"
  version = "v0.0.9"

[[projects]]
  digest = "1:0981502f9816113c9c8c4ac301583841855c8cf4da8c72f696b3ebedf6d0e4e5"
  name = "github.com/mattn/go-isatty"
  packages = ["."]
  pruneopts = "UT"
  revision = "6ca4dbf54d38eea1a992b3c722a76a5d1c4cb25c"
  version = "v0.0.4"

[[projects]]
  branch = "master"
  digest = "1:5e6d66b03ec2df7ce14d19ad75f35d189ae56d5169813fb20eca4d076d81d37e"
  name = "github.com/mattn/go-runewidth"
  packages = ["."]
  pruneopts = "UT"
  revision = "703b5e6b11ae25aeb2af9ebb5d5fdf8fa2575211"

[[projects]]
  branch = "master"
  digest = "1:11bcfda807929a34ceb3738c9b0145358d1c58ed00acecb25b27fe432b404135"
  name = "github.com/mattn/go-tty"
  packages = ["."]
  pruneopts = "UT"
  revision = "e4f871175a2f903ed2e6353334fdccb507c1d09e"

[[projects]]
  digest = "1:d64a0aa67f715fd28f5ddfe0d74c06b6d6fe0fed931d77e662f2c4694f6854dc"
  name = "github.com/miekg/dns"
  packages = ["."]
  pruneopts = "UT"
  revision = "56be65265e34e731425e0269a301774938827c60"
  version = "v1.1.3"

[[projects]]
  branch = "master"
  digest = "1:fcb0de0dfbff6314fa0eb3672942d86054a713922b7c1bb0a690f59e6fe1ae3c"
  name = "github.com/pkg/term"
  packages = ["termios"]
  pruneopts = "UT"
  revision = "aa71e9d9e942418fbb97d80895dcea70efed297c"

[[projects]]
  digest = "1:2e76a73cb51f42d63a2a1a85b3dc5731fd4faf6821b434bd0ef2c099186031d6"
  name = "github.com/rs/xid"
  packages = ["."]
  pruneopts = "UT"
  revision = "15d26544def341f036c5f8dca987a4cbe575032c"
  version = "v1.2.1"

[[projects]]
  branch = "master"
  digest = "1:10f65eaf0598d737cb641eba789645838b99c901ecb12ebb19d9273a153bbb4c"
  name = "golang.org/x/crypto"
  packages = [
    "ed25519",
    "ed25519/internal/edwards25519",
    "internal/subtle",
    "nacl/secretbox",
    "poly1305",
    "salsa20/salsa",
  ]
  pruneopts = "UT"
  revision = "b01c7a72566457eb1420261cdafef86638fc3861"

[[projects]]
  branch = "master"
  digest = "1:19beed19e4246df7aff387a2bcd4519a386e3fe9637690031c4d4b0cf75f7215"
  name = "golang.org/x/net"
  packages = [
    "bpf",
    "internal/iana",
    "internal/socket",
    "ipv4",
    "ipv6",
  ]
  pruneopts = "UT"
  revision = "d26f9f9a57f3fab6a695bec0d84433c2c50f8bbf"

[[projects]]
  branch = "master"
  digest = "1:7c3cf8f9e513ba8a0bd2f2c694646397a45e9d7458e61fabd774abb0f6149372"
  name = "golang.org/x/sys"
  packages = ["unix"]
  pruneopts = "UT"
  revision = "302c3dd5f1cc82baae8e44d9c3178e89b6e2b345"

[solve-meta]
  analyzer-name = "dep"
  analyzer-version = 1
  input-imports = [
    "github.com/Jeffail/tunny",
    "github.com/c-bata/go-prompt",
    "github.com/golang/protobuf/proto",
    "github.com/miekg/dns",
    "github.com/rs/xid",
    "golang.org/x/crypto/nacl/secretbox",
  ]
  solver-name = "gps-cdcl"
  solver-version = 1
